// !$*UTF8*$!
{
	archiveVersion = 1;
	classes = {
	};
	objectVersion = 55;
	objects = {

/* Begin PBXBuildFile section */
		4B6F92DD28A1639C00F6205C /* AppDelegate.swift in Sources */ = {isa = PBXBuildFile; fileRef = 4B6F92DC28A1639C00F6205C /* AppDelegate.swift */; };
		4B6F92DF28A1639C00F6205C /* SceneDelegate.swift in Sources */ = {isa = PBXBuildFile; fileRef = 4B6F92DE28A1639C00F6205C /* SceneDelegate.swift */; };
		4B6F92E128A1639C00F6205C /* ViewController.swift in Sources */ = {isa = PBXBuildFile; fileRef = 4B6F92E028A1639C00F6205C /* ViewController.swift */; };
		4B6F92E428A1639C00F6205C /* Main.storyboard in Resources */ = {isa = PBXBuildFile; fileRef = 4B6F92E228A1639C00F6205C /* Main.storyboard */; };
		4B6F92E628A1639F00F6205C /* Assets.xcassets in Resources */ = {isa = PBXBuildFile; fileRef = 4B6F92E528A1639F00F6205C /* Assets.xcassets */; };
		4B6F92E928A1639F00F6205C /* LaunchScreen.storyboard in Resources */ = {isa = PBXBuildFile; fileRef = 4B6F92E728A1639F00F6205C /* LaunchScreen.storyboard */; };
		4B6F92F428A1639F00F6205C /* Tip_CalculatorTests.swift in Sources */ = {isa = PBXBuildFile; fileRef = 4B6F92F328A1639F00F6205C /* Tip_CalculatorTests.swift */; };
		4B6F92FE28A1639F00F6205C /* Tip_CalculatorUITests.swift in Sources */ = {isa = PBXBuildFile; fileRef = 4B6F92FD28A1639F00F6205C /* Tip_CalculatorUITests.swift */; };
		4B6F930028A1639F00F6205C /* Tip_CalculatorUITestsLaunchTests.swift in Sources */ = {isa = PBXBuildFile; fileRef = 4B6F92FF28A1639F00F6205C /* Tip_CalculatorUITestsLaunchTests.swift */; };
		4B6F930D28A2063800F6205C /* SettingsViewController.swift in Sources */ = {isa = PBXBuildFile; fileRef = 4B6F930C28A2063800F6205C /* SettingsViewController.swift */; };
/* End PBXBuildFile section */

/* Begin PBXContainerItemProxy section */
		4B6F92F028A1639F00F6205C /* PBXContainerItemProxy */ = {
			isa = PBXContainerItemProxy;
			containerPortal = 4B6F92D128A1639C00F6205C /* Project object */;
			proxyType = 1;
			remoteGlobalIDString = 4B6F92D828A1639C00F6205C;
			remoteInfo = Tip_Calculator;
		};
		4B6F92FA28A1639F00F6205C /* PBXContainerItemProxy */ = {
			isa = PBXContainerItemProxy;
			containerPortal = 4B6F92D128A1639C00F6205C /* Project object */;
			proxyType = 1;
			remoteGlobalIDString = 4B6F92D828A1639C00F6205C;
			remoteInfo = Tip_Calculator;
		};
/* End PBXContainerItemProxy section */

/* Begin PBXFileReference section */
		4B6F92D928A1639C00F6205C /* Tip_Calculator.app */ = {isa = PBXFileReference; explicitFileType = wrapper.application; includeInIndex = 0; path = Tip_Calculator.app; sourceTree = BUILT_PRODUCTS_DIR; };
		4B6F92DC28A1639C00F6205C /* AppDelegate.swift */ = {isa = PBXFileReference; lastKnownFileType = sourcecode.swift; path = AppDelegate.swift; sourceTree = "<group>"; };
		4B6F92DE28A1639C00F6205C /* SceneDelegate.swift */ = {isa = PBXFileReference; lastKnownFileType = sourcecode.swift; path = SceneDelegate.swift; sourceTree = "<group>"; };
		4B6F92E028A1639C00F6205C /* ViewController.swift */ = {isa = PBXFileReference; lastKnownFileType = sourcecode.swift; path = ViewController.swift; sourceTree = "<group>"; };
		4B6F92E328A1639C00F6205C /* Base */ = {isa = PBXFileReference; lastKnownFileType = file.storyboard; name = Base; path = Base.lproj/Main.storyboard; sourceTree = "<group>"; };
		4B6F92E528A1639F00F6205C /* Assets.xcassets */ = {isa = PBXFileReference; lastKnownFileType = folder.assetcatalog; path = Assets.xcassets; sourceTree = "<group>"; };
		4B6F92E828A1639F00F6205C /* Base */ = {isa = PBXFileReference; lastKnownFileType = file.storyboard; name = Base; path = Base.lproj/LaunchScreen.storyboard; sourceTree = "<group>"; };
		4B6F92EA28A1639F00F6205C /* Info.plist */ = {isa = PBXFileReference; lastKnownFileType = text.plist.xml; path = Info.plist; sourceTree = "<group>"; };
		4B6F92EF28A1639F00F6205C /* Tip_CalculatorTests.xctest */ = {isa = PBXFileReference; explicitFileType = wrapper.cfbundle; includeInIndex = 0; path = Tip_CalculatorTests.xctest; sourceTree = BUILT_PRODUCTS_DIR; };
		4B6F92F328A1639F00F6205C /* Tip_CalculatorTests.swift */ = {isa = PBXFileReference; lastKnownFileType = sourcecode.swift; path = Tip_CalculatorTests.swift; sourceTree = "<group>"; };
		4B6F92F928A1639F00F6205C /* Tip_CalculatorUITests.xctest */ = {isa = PBXFileReference; explicitFileType = wrapper.cfbundle; includeInIndex = 0; path = Tip_CalculatorUITests.xctest; sourceTree = BUILT_PRODUCTS_DIR; };
		4B6F92FD28A1639F00F6205C /* Tip_CalculatorUITests.swift */ = {isa = PBXFileReference; lastKnownFileType = sourcecode.swift; path = Tip_CalculatorUITests.swift; sourceTree = "<group>"; };
		4B6F92FF28A1639F00F6205C /* Tip_CalculatorUITestsLaunchTests.swift */ = {isa = PBXFileReference; lastKnownFileType = sourcecode.swift; path = Tip_CalculatorUITestsLaunchTests.swift; sourceTree = "<group>"; };
		4B6F930C28A2063800F6205C /* SettingsViewController.swift */ = {isa = PBXFileReference; lastKnownFileType = sourcecode.swift; path = SettingsViewController.swift; sourceTree = "<group>"; };
/* End PBXFileReference section */

/* Begin PBXFrameworksBuildPhase section */
		4B6F92D628A1639C00F6205C /* Frameworks */ = {
			isa = PBXFrameworksBuildPhase;
			buildActionMask = 2147483647;
			files = (
			);
			runOnlyForDeploymentPostprocessing = 0;
		};
		4B6F92EC28A1639F00F6205C /* Frameworks */ = {
			isa = PBXFrameworksBuildPhase;
			buildActionMask = 2147483647;
			files = (
			);
			runOnlyForDeploymentPostprocessing = 0;
		};
		4B6F92F628A1639F00F6205C /* Frameworks */ = {
			isa = PBXFrameworksBuildPhase;
			buildActionMask = 2147483647;
			files = (
			);
			runOnlyForDeploymentPostprocessing = 0;
		};
/* End PBXFrameworksBuildPhase section */

/* Begin PBXGroup section */
		4B6F92D028A1639C00F6205C = {
			isa = PBXGroup;
			children = (
				4B6F92DB28A1639C00F6205C /* Tip_Calculator */,
				4B6F92F228A1639F00F6205C /* Tip_CalculatorTests */,
				4B6F92FC28A1639F00F6205C /* Tip_CalculatorUITests */,
				4B6F92DA28A1639C00F6205C /* Products */,
			);
			sourceTree = "<group>";
		};
		4B6F92DA28A1639C00F6205C /* Products */ = {
			isa = PBXGroup;
			children = (
				4B6F92D928A1639C00F6205C /* Tip_Calculator.app */,
				4B6F92EF28A1639F00F6205C /* Tip_CalculatorTests.xctest */,
				4B6F92F928A1639F00F6205C /* Tip_CalculatorUITests.xctest */,
			);
			name = Products;
			sourceTree = "<group>";
		};
		4B6F92DB28A1639C00F6205C /* Tip_Calculator */ = {
			isa = PBXGroup;
			children = (
				4B6F92DC28A1639C00F6205C /* AppDelegate.swift */,
				4B6F92DE28A1639C00F6205C /* SceneDelegate.swift */,
				4B6F92E028A1639C00F6205C /* ViewController.swift */,
				4B6F92E228A1639C00F6205C /* Main.storyboard */,
				4B6F930C28A2063800F6205C /* SettingsViewController.swift */,
				4B6F92E528A1639F00F6205C /* Assets.xcassets */,
				4B6F92E728A1639F00F6205C /* LaunchScreen.storyboard */,
				4B6F92EA28A1639F00F6205C /* Info.plist */,
			);
			path = Tip_Calculator;
			sourceTree = "<group>";
		};
		4B6F92F228A1639F00F6205C /* Tip_CalculatorTests */ = {
			isa = PBXGroup;
			children = (
				4B6F92F328A1639F00F6205C /* Tip_CalculatorTests.swift */,
			);
			path = Tip_CalculatorTests;
			sourceTree = "<group>";
		};
		4B6F92FC28A1639F00F6205C /* Tip_CalculatorUITests */ = {
			isa = PBXGroup;
			children = (
				4B6F92FD28A1639F00F6205C /* Tip_CalculatorUITests.swift */,
				4B6F92FF28A1639F00F6205C /* Tip_CalculatorUITestsLaunchTests.swift */,
			);
			path = Tip_CalculatorUITests;
			sourceTree = "<group>";
		};
/* End PBXGroup section */

/* Begin PBXNativeTarget section */
		4B6F92D828A1639C00F6205C /* Tip_Calculator */ = {
			isa = PBXNativeTarget;
			buildConfigurationList = 4B6F930328A1639F00F6205C /* Build configuration list for PBXNativeTarget "Tip_Calculator" */;
			buildPhases = (
				4B6F92D528A1639C00F6205C /* Sources */,
				4B6F92D628A1639C00F6205C /* Frameworks */,
				4B6F92D728A1639C00F6205C /* Resources */,
			);
			buildRules = (
			);
			dependencies = (
			);
			name = Tip_Calculator;
			productName = Tip_Calculator;
			productReference = 4B6F92D928A1639C00F6205C /* Tip_Calculator.app */;
			productType = "com.apple.product-type.application";
		};
		4B6F92EE28A1639F00F6205C /* Tip_CalculatorTests */ = {
			isa = PBXNativeTarget;
			buildConfigurationList = 4B6F930628A1639F00F6205C /* Build configuration list for PBXNativeTarget "Tip_CalculatorTests" */;
			buildPhases = (
				4B6F92EB28A1639F00F6205C /* Sources */,
				4B6F92EC28A1639F00F6205C /* Frameworks */,
				4B6F92ED28A1639F00F6205C /* Resources */,
			);
			buildRules = (
			);
			dependencies = (
				4B6F92F128A1639F00F6205C /* PBXTargetDependency */,
			);
			name = Tip_CalculatorTests;
			productName = Tip_CalculatorTests;
			productReference = 4B6F92EF28A1639F00F6205C /* Tip_CalculatorTests.xctest */;
			productType = "com.apple.product-type.bundle.unit-test";
		};
		4B6F92F828A1639F00F6205C /* Tip_CalculatorUITests */ = {
			isa = PBXNativeTarget;
			buildConfigurationList = 4B6F930928A1639F00F6205C /* Build configuration list for PBXNativeTarget "Tip_CalculatorUITests" */;
			buildPhases = (
				4B6F92F528A1639F00F6205C /* Sources */,
				4B6F92F628A1639F00F6205C /* Frameworks */,
				4B6F92F728A1639F00F6205C /* Resources */,
			);
			buildRules = (
			);
			dependencies = (
				4B6F92FB28A1639F00F6205C /* PBXTargetDependency */,
			);
			name = Tip_CalculatorUITests;
			productName = Tip_CalculatorUITests;
			productReference = 4B6F92F928A1639F00F6205C /* Tip_CalculatorUITests.xctest */;
			productType = "com.apple.product-type.bundle.ui-testing";
		};
/* End PBXNativeTarget section */

/* Begin PBXProject section */
		4B6F92D128A1639C00F6205C /* Project object */ = {
			isa = PBXProject;
			attributes = {
				BuildIndependentTargetsInParallel = 1;
				LastSwiftUpdateCheck = 1340;
				LastUpgradeCheck = 1340;
				TargetAttributes = {
					4B6F92D828A1639C00F6205C = {
						CreatedOnToolsVersion = 13.4.1;
					};
					4B6F92EE28A1639F00F6205C = {
						CreatedOnToolsVersion = 13.4.1;
						TestTargetID = 4B6F92D828A1639C00F6205C;
					};
					4B6F92F828A1639F00F6205C = {
						CreatedOnToolsVersion = 13.4.1;
						TestTargetID = 4B6F92D828A1639C00F6205C;
					};
				};
			};
			buildConfigurationList = 4B6F92D428A1639C00F6205C /* Build configuration list for PBXProject "Tip_Calculator" */;
			compatibilityVersion = "Xcode 13.0";
			developmentRegion = en;
			hasScannedForEncodings = 0;
			knownRegions = (
				en,
				Base,
			);
			mainGroup = 4B6F92D028A1639C00F6205C;
			productRefGroup = 4B6F92DA28A1639C00F6205C /* Products */;
			projectDirPath = "";
			projectRoot = "";
			targets = (
				4B6F92D828A1639C00F6205C /* Tip_Calculator */,
				4B6F92EE28A1639F00F6205C /* Tip_CalculatorTests */,
				4B6F92F828A1639F00F6205C /* Tip_CalculatorUITests */,
			);
		};
/* End PBXProject section */

/* Begin PBXResourcesBuildPhase section */
		4B6F92D728A1639C00F6205C /* Resources */ = {
			isa = PBXResourcesBuildPhase;
			buildActionMask = 2147483647;
			files = (
				4B6F92E928A1639F00F6205C /* LaunchScreen.storyboard in Resources */,
				4B6F92E628A1639F00F6205C /* Assets.xcassets in Resources */,
				4B6F92E428A1639C00F6205C /* Main.storyboard in Resources */,
			);
			runOnlyForDeploymentPostprocessing = 0;
		};
		4B6F92ED28A1639F00F6205C /* Resources */ = {
			isa = PBXResourcesBuildPhase;
			buildActionMask = 2147483647;
			files = (
			);
			runOnlyForDeploymentPostprocessing = 0;
		};
		4B6F92F728A1639F00F6205C /* Resources */ = {
			isa = PBXResourcesBuildPhase;
			buildActionMask = 2147483647;
			files = (
			);
			runOnlyForDeploymentPostprocessing = 0;
		};
/* End PBXResourcesBuildPhase section */

/* Begin PBXSourcesBuildPhase section */
		4B6F92D528A1639C00F6205C /* Sources */ = {
			isa = PBXSourcesBuildPhase;
			buildActionMask = 2147483647;
			files = (
				4B6F92E128A1639C00F6205C /* ViewController.swift in Sources */,
				4B6F92DD28A1639C00F6205C /* AppDelegate.swift in Sources */,
				4B6F92DF28A1639C00F6205C /* SceneDelegate.swift in Sources */,
				4B6F930D28A2063800F6205C /* SettingsViewController.swift in Sources */,
			);
			runOnlyForDeploymentPostprocessing = 0;
		};
		4B6F92EB28A1639F00F6205C /* Sources */ = {
			isa = PBXSourcesBuildPhase;
			buildActionMask = 2147483647;
			files = (
				4B6F92F428A1639F00F6205C /* Tip_CalculatorTests.swift in Sources */,
			);
			runOnlyForDeploymentPostprocessing = 0;
		};
		4B6F92F528A1639F00F6205C /* Sources */ = {
			isa = PBXSourcesBuildPhase;
			buildActionMask = 2147483647;
			files = (
				4B6F930028A1639F00F6205C /* Tip_CalculatorUITestsLaunchTests.swift in Sources */,
				4B6F92FE28A1639F00F6205C /* Tip_CalculatorUITests.swift in Sources */,
			);
			runOnlyForDeploymentPostprocessing = 0;
		};
/* End PBXSourcesBuildPhase section */

/* Begin PBXTargetDependency section */
		4B6F92F128A1639F00F6205C /* PBXTargetDependency */ = {
			isa = PBXTargetDependency;
			target = 4B6F92D828A1639C00F6205C /* Tip_Calculator */;
			targetProxy = 4B6F92F028A1639F00F6205C /* PBXContainerItemProxy */;
		};
		4B6F92FB28A1639F00F6205C /* PBXTargetDependency */ = {
			isa = PBXTargetDependency;
			target = 4B6F92D828A1639C00F6205C /* Tip_Calculator */;
			targetProxy = 4B6F92FA28A1639F00F6205C /* PBXContainerItemProxy */;
		};
/* End PBXTargetDependency section */

/* Begin PBXVariantGroup section */
		4B6F92E228A1639C00F6205C /* Main.storyboard */ = {
			isa = PBXVariantGroup;
			children = (
				4B6F92E328A1639C00F6205C /* Base */,
			);
			name = Main.storyboard;
			sourceTree = "<group>";
		};
		4B6F92E728A1639F00F6205C /* LaunchScreen.storyboard */ = {
			isa = PBXVariantGroup;
			children = (
				4B6F92E828A1639F00F6205C /* Base */,
			);
			name = LaunchScreen.storyboard;
			sourceTree = "<group>";
		};
/* End PBXVariantGroup section */

/* Begin XCBuildConfiguration section */
		4B6F930128A1639F00F6205C /* Debug */ = {
			isa = XCBuildConfiguration;
			buildSettings = {
				ALWAYS_SEARCH_USER_PATHS = NO;
				CLANG_ANALYZER_NONNULL = YES;
				CLANG_ANALYZER_NUMBER_OBJECT_CONVERSION = YES_AGGRESSIVE;
				CLANG_CXX_LANGUAGE_STANDARD = "gnu++17";
				CLANG_ENABLE_MODULES = YES;
				CLANG_ENABLE_OBJC_ARC = YES;
				CLANG_ENABLE_OBJC_WEAK = YES;
				CLANG_WARN_BLOCK_CAPTURE_AUTORELEASING = YES;
				CLANG_WARN_BOOL_CONVERSION = YES;
				CLANG_WARN_COMMA = YES;
				CLANG_WARN_CONSTANT_CONVERSION = YES;
				CLANG_WARN_DEPRECATED_OBJC_IMPLEMENTATIONS = YES;
				CLANG_WARN_DIRECT_OBJC_ISA_USAGE = YES_ERROR;
				CLANG_WARN_DOCUMENTATION_COMMENTS = YES;
				CLANG_WARN_EMPTY_BODY = YES;
				CLANG_WARN_ENUM_CONVERSION = YES;
				CLANG_WARN_INFINITE_RECURSION = YES;
				CLANG_WARN_INT_CONVERSION = YES;
				CLANG_WARN_NON_LITERAL_NULL_CONVERSION = YES;
				CLANG_WARN_OBJC_IMPLICIT_RETAIN_SELF = YES;
				CLANG_WARN_OBJC_LITERAL_CONVERSION = YES;
				CLANG_WARN_OBJC_ROOT_CLASS = YES_ERROR;
				CLANG_WARN_QUOTED_INCLUDE_IN_FRAMEWORK_HEADER = YES;
				CLANG_WARN_RANGE_LOOP_ANALYSIS = YES;
				CLANG_WARN_STRICT_PROTOTYPES = YES;
				CLANG_WARN_SUSPICIOUS_MOVE = YES;
				CLANG_WARN_UNGUARDED_AVAILABILITY = YES_AGGRESSIVE;
				CLANG_WARN_UNREACHABLE_CODE = YES;
				CLANG_WARN__DUPLICATE_METHOD_MATCH = YES;
				COPY_PHASE_STRIP = NO;
				DEBUG_INFORMATION_FORMAT = dwarf;
				ENABLE_STRICT_OBJC_MSGSEND = YES;
				ENABLE_TESTABILITY = YES;
				GCC_C_LANGUAGE_STANDARD = gnu11;
				GCC_DYNAMIC_NO_PIC = NO;
				GCC_NO_COMMON_BLOCKS = YES;
				GCC_OPTIMIZATION_LEVEL = 0;
				GCC_PREPROCESSOR_DEFINITIONS = (
					"DEBUG=1",
					"$(inherited)",
				);
				GCC_WARN_64_TO_32_BIT_CONVERSION = YES;
				GCC_WARN_ABOUT_RETURN_TYPE = YES_ERROR;
				GCC_WARN_UNDECLARED_SELECTOR = YES;
				GCC_WARN_UNINITIALIZED_AUTOS = YES_AGGRESSIVE;
				GCC_WARN_UNUSED_FUNCTION = YES;
				GCC_WARN_UNUSED_VARIABLE = YES;
				IPHONEOS_DEPLOYMENT_TARGET = 15.5;
				MTL_ENABLE_DEBUG_INFO = INCLUDE_SOURCE;
				MTL_FAST_MATH = YES;
				ONLY_ACTIVE_ARCH = YES;
				SDKROOT = iphoneos;
				SWIFT_ACTIVE_COMPILATION_CONDITIONS = DEBUG;
				SWIFT_OPTIMIZATION_LEVEL = "-Onone";
			};
			name = Debug;
		};
		4B6F930228A1639F00F6205C /* Release */ = {
			isa = XCBuildConfiguration;
			buildSettings = {
				ALWAYS_SEARCH_USER_PATHS = NO;
				CLANG_ANALYZER_NONNULL = YES;
				CLANG_ANALYZER_NUMBER_OBJECT_CONVERSION = YES_AGGRESSIVE;
				CLANG_CXX_LANGUAGE_STANDARD = "gnu++17";
				CLANG_ENABLE_MODULES = YES;
				CLANG_ENABLE_OBJC_ARC = YES;
				CLANG_ENABLE_OBJC_WEAK = YES;
				CLANG_WARN_BLOCK_CAPTURE_AUTORELEASING = YES;
				CLANG_WARN_BOOL_CONVERSION = YES;
				CLANG_WARN_COMMA = YES;
				CLANG_WARN_CONSTANT_CONVERSION = YES;
				CLANG_WARN_DEPRECATED_OBJC_IMPLEMENTATIONS = YES;
				CLANG_WARN_DIRECT_OBJC_ISA_USAGE = YES_ERROR;
				CLANG_WARN_DOCUMENTATION_COMMENTS = YES;
				CLANG_WARN_EMPTY_BODY = YES;
				CLANG_WARN_ENUM_CONVERSION = YES;
				CLANG_WARN_INFINITE_RECURSION = YES;
				CLANG_WARN_INT_CONVERSION = YES;
				CLANG_WARN_NON_LITERAL_NULL_CONVERSION = YES;
				CLANG_WARN_OBJC_IMPLICIT_RETAIN_SELF = YES;
				CLANG_WARN_OBJC_LITERAL_CONVERSION = YES;
				CLANG_WARN_OBJC_ROOT_CLASS = YES_ERROR;
				CLANG_WARN_QUOTED_INCLUDE_IN_FRAMEWORK_HEADER = YES;
				CLANG_WARN_RANGE_LOOP_ANALYSIS = YES;
				CLANG_WARN_STRICT_PROTOTYPES = YES;
				CLANG_WARN_SUSPICIOUS_MOVE = YES;
				CLANG_WARN_UNGUARDED_AVAILABILITY = YES_AGGRESSIVE;
				CLANG_WARN_UNREACHABLE_CODE = YES;
				CLANG_WARN__DUPLICATE_METHOD_MATCH = YES;
				COPY_PHASE_STRIP = NO;
				DEBUG_INFORMATION_FORMAT = "dwarf-with-dsym";
				ENABLE_NS_ASSERTIONS = NO;
				ENABLE_STRICT_OBJC_MSGSEND = YES;
				GCC_C_LANGUAGE_STANDARD = gnu11;
				GCC_NO_COMMON_BLOCKS = YES;
				GCC_WARN_64_TO_32_BIT_CONVERSION = YES;
				GCC_WARN_ABOUT_RETURN_TYPE = YES_ERROR;
				GCC_WARN_UNDECLARED_SELECTOR = YES;
				GCC_WARN_UNINITIALIZED_AUTOS = YES_AGGRESSIVE;
				GCC_WARN_UNUSED_FUNCTION = YES;
				GCC_WARN_UNUSED_VARIABLE = YES;
				IPHONEOS_DEPLOYMENT_TARGET = 15.5;
				MTL_ENABLE_DEBUG_INFO = NO;
				MTL_FAST_MATH = YES;
				SDKROOT = iphoneos;
				SWIFT_COMPILATION_MODE = wholemodule;
				SWIFT_OPTIMIZATION_LEVEL = "-O";
				VALIDATE_PRODUCT = YES;
			};
			name = Release;
		};
		4B6F930428A1639F00F6205C /* Debug */ = {
			isa = XCBuildConfiguration;
			buildSettings = {
				ASSETCATALOG_COMPILER_APPICON_NAME = AppIcon;
				ASSETCATALOG_COMPILER_GLOBAL_ACCENT_COLOR_NAME = AccentColor;
				CODE_SIGN_STYLE = Automatic;
				CURRENT_PROJECT_VERSION = 1;
				DEVELOPMENT_TEAM = 9YQV3PLUY6;
				GENERATE_INFOPLIST_FILE = YES;
				INFOPLIST_FILE = Tip_Calculator/Info.plist;
				INFOPLIST_KEY_UIApplicationSupportsIndirectInputEvents = YES;
				INFOPLIST_KEY_UILaunchStoryboardName = LaunchScreen;
				INFOPLIST_KEY_UIMainStoryboardFile = Main;
				INFOPLIST_KEY_UISupportedInterfaceOrientations = UIInterfaceOrientationPortrait;
				INFOPLIST_KEY_UISupportedInterfaceOrientations_iPad = "UIInterfaceOrientationPortrait UIInterfaceOrientationPortraitUpsideDown UIInterfaceOrientationLandscapeLeft UIInterfaceOrientationLandscapeRight";
				INFOPLIST_KEY_UISupportedInterfaceOrientations_iPhone = "UIInterfaceOrientationPortrait UIInterfaceOrientationLandscapeLeft UIInterfaceOrientationLandscapeRight";
				LD_RUNPATH_SEARCH_PATHS = (
					"$(inherited)",
					"@executable_path/Frameworks",
				);
				MARKETING_VERSION = 1.0;
				PRODUCT_BUNDLE_IDENTIFIER = "com.efren-ramirez..Tip-Calculator";
				PRODUCT_NAME = "$(TARGET_NAME)";
				SWIFT_EMIT_LOC_STRINGS = YES;
				SWIFT_VERSION = 5.0;
				TARGETED_DEVICE_FAMILY = "1,2";
			};
			name = Debug;
		};
		4B6F930528A1639F00F6205C /* Release */ = {
			isa = XCBuildConfiguration;
			buildSettings = {
				ASSETCATALOG_COMPILER_APPICON_NAME = AppIcon;
				ASSETCATALOG_COMPILER_GLOBAL_ACCENT_COLOR_NAME = AccentColor;
				CODE_SIGN_STYLE = Automatic;
				CURRENT_PROJECT_VERSION = 1;
				DEVELOPMENT_TEAM = 9YQV3PLUY6;
				GENERATE_INFOPLIST_FILE = YES;
				INFOPLIST_FILE = Tip_Calculator/Info.plist;
				INFOPLIST_KEY_UIApplicationSupportsIndirectInputEvents = YES;
				INFOPLIST_KEY_UILaunchStoryboardName = LaunchScreen;
				INFOPLIST_KEY_UIMainStoryboardFile = Main;
				INFOPLIST_KEY_UISupportedInterfaceOrientations = UIInterfaceOrientationPortrait;
				INFOPLIST_KEY_UISupportedInterfaceOrientations_iPad = "UIInterfaceOrientationPortrait UIInterfaceOrientationPortraitUpsideDown UIInterfaceOrientationLandscapeLeft UIInterfaceOrientationLandscapeRight";
				INFOPLIST_KEY_UISupportedInterfaceOrientations_iPhone = "UIInterfaceOrientationPortrait UIInterfaceOrientationLandscapeLeft UIInterfaceOrientationLandscapeRight";
				LD_RUNPATH_SEARCH_PATHS = (
					"$(inherited)",
					"@executable_path/Frameworks",
				);
				MARKETING_VERSION = 1.0;
				PRODUCT_BUNDLE_IDENTIFIER = "com.efren-ramirez..Tip-Calculator";
				PRODUCT_NAME = "$(TARGET_NAME)";
				SWIFT_EMIT_LOC_STRINGS = YES;
				SWIFT_VERSION = 5.0;
				TARGETED_DEVICE_FAMILY = "1,2";
			};
			name = Release;
		};
		4B6F930728A1639F00F6205C /* Debug */ = {
			isa = XCBuildConfiguration;
			buildSettings = {
				ALWAYS_EMBED_SWIFT_STANDARD_LIBRARIES = YES;
				BUNDLE_LOADER = "$(TEST_HOST)";
				CODE_SIGN_STYLE = Automatic;
				CURRENT_PROJECT_VERSION = 1;
				GENERATE_INFOPLIST_FILE = YES;
				IPHONEOS_DEPLOYMENT_TARGET = 15.5;
				MARKETING_VERSION = 1.0;
				PRODUCT_BUNDLE_IDENTIFIER = "com.efren-ramirez..Tip-CalculatorTests";
				PRODUCT_NAME = "$(TARGET_NAME)";
				SWIFT_EMIT_LOC_STRINGS = NO;
				SWIFT_VERSION = 5.0;
				TARGETED_DEVICE_FAMILY = "1,2";
				TEST_HOST = "$(BUILT_PRODUCTS_DIR)/Tip_Calculator.app/Tip_Calculator";
			};
			name = Debug;
		};
		4B6F930828A1639F00F6205C /* Release */ = {
			isa = XCBuildConfiguration;
			buildSettings = {
				ALWAYS_EMBED_SWIFT_STANDARD_LIBRARIES = YES;
				BUNDLE_LOADER = "$(TEST_HOST)";
				CODE_SIGN_STYLE = Automatic;
				CURRENT_PROJECT_VERSION = 1;
				GENERATE_INFOPLIST_FILE = YES;
				IPHONEOS_DEPLOYMENT_TARGET = 15.5;
				MARKETING_VERSION = 1.0;
				PRODUCT_BUNDLE_IDENTIFIER = "com.efren-ramirez..Tip-CalculatorTests";
				PRODUCT_NAME = "$(TARGET_NAME)";
				SWIFT_EMIT_LOC_STRINGS = NO;
				SWIFT_VERSION = 5.0;
				TARGETED_DEVICE_FAMILY = "1,2";
				TEST_HOST = "$(BUILT_PRODUCTS_DIR)/Tip_Calculator.app/Tip_Calculator";
			};
			name = Release;
		};
		4B6F930A28A1639F00F6205C /* Debug */ = {
			isa = XCBuildConfiguration;
			buildSettings = {
				ALWAYS_EMBED_SWIFT_STANDARD_LIBRARIES = YES;
				CODE_SIGN_STYLE = Automatic;
				CURRENT_PROJECT_VERSION = 1;
				GENERATE_INFOPLIST_FILE = YES;
				MARKETING_VERSION = 1.0;
				PRODUCT_BUNDLE_IDENTIFIER = "com.efren-ramirez..Tip-CalculatorUITests";
				PRODUCT_NAME = "$(TARGET_NAME)";
				SWIFT_EMIT_LOC_STRINGS = NO;
				SWIFT_VERSION = 5.0;
				TARGETED_DEVICE_FAMILY = "1,2";
				TEST_TARGET_NAME = Tip_Calculator;
			};
			name = Debug;
		};
		4B6F930B28A1639F00F6205C /* Release */ = {
			isa = XCBuildConfiguration;
			buildSettings = {
				ALWAYS_EMBED_SWIFT_STANDARD_LIBRARIES = YES;
				CODE_SIGN_STYLE = Automatic;
				CURRENT_PROJECT_VERSION = 1;
				GENERATE_INFOPLIST_FILE = YES;
				MARKETING_VERSION = 1.0;
				PRODUCT_BUNDLE_IDENTIFIER = "com.efren-ramirez..Tip-CalculatorUITests";
				PRODUCT_NAME = "$(TARGET_NAME)";
				SWIFT_EMIT_LOC_STRINGS = NO;
				SWIFT_VERSION = 5.0;
				TARGETED_DEVICE_FAMILY = "1,2";
				TEST_TARGET_NAME = Tip_Calculator;
			};
			name = Release;
		};
/* End XCBuildConfiguration section */

/* Begin XCConfigurationList section */
		4B6F92D428A1639C00F6205C /* Build configuration list for PBXProject "Tip_Calculator" */ = {
			isa = XCConfigurationList;
			buildConfigurations = (
				4B6F930128A1639F00F6205C /* Debug */,
				4B6F930228A1639F00F6205C /* Release */,
			);
			defaultConfigurationIsVisible = 0;
			defaultConfigurationName = Release;
		};
		4B6F930328A1639F00F6205C /* Build configuration list for PBXNativeTarget "Tip_Calculator" */ = {
			isa = XCConfigurationList;
			buildConfigurations = (
				4B6F930428A1639F00F6205C /* Debug */,
				4B6F930528A1639F00F6205C /* Release */,
			);
			defaultConfigurationIsVisible = 0;
			defaultConfigurationName = Release;
		};
		4B6F930628A1639F00F6205C /* Build configuration list for PBXNativeTarget "Tip_CalculatorTests" */ = {
			isa = XCConfigurationList;
			buildConfigurations = (
				4B6F930728A1639F00F6205C /* Debug */,
				4B6F930828A1639F00F6205C /* Release */,
			);
			defaultConfigurationIsVisible = 0;
			defaultConfigurationName = Release;
		};
		4B6F930928A1639F00F6205C /* Build configuration list for PBXNativeTarget "Tip_CalculatorUITests" */ = {
			isa = XCConfigurationList;
			buildConfigurations = (
				4B6F930A28A1639F00F6205C /* Debug */,
				4B6F930B28A1639F00F6205C /* Release */,
			);
			defaultConfigurationIsVisible = 0;
			defaultConfigurationName = Release;
		};
/* End XCConfigurationList section */
	};
	rootObject = 4B6F92D128A1639C00F6205C /* Project object */;
}
